Microsoft Visual Studio Solution File, Format Version 9.00
# Visual Studio 2005
Project("{8BC9CEB8-8B4A-11D0-8D11-00A0C91BC942}") = "sneakyamp", "sneakyamp\sneakyamp.vcproj", "{45210FAA-CC95-4A0F-ABF7-4BCE73044AE4}"
	ProjectSection(ProjectDependencies) = postProject
		{2E2BB262-B858-471E-A3C8-18546A1A3EA0} = {2E2BB262-B858-471E-A3C8-18546A1A3EA0}
	EndProjectSection
EndProject
Project("{8BC9CEB8-8B4A-11D0-8D11-00A0C91BC942}") = "snkyamphook", "snkyamphook\snkyamphook.vcproj", "{2E2BB262-B858-471E-A3C8-18546A1A3EA0}"
EndProject
Global
	GlobalSection(SolutionConfigurationPlatforms) = preSolution
		Debug|Win32 = Debug|Win32
		Release|Win32 = Release|Win32
	EndGlobalSection
	GlobalSection(ProjectConfigurationPlatforms) = postSolution
		{45210FAA-CC95-4A0F-ABF7-4BCE73044AE4}.Debug|Win32.ActiveCfg = Debug|Win32
		{45210FAA-CC95-4A0F-ABF7-4BCE73044AE4}.Debug|Win32.Build.0 = Debug|Win32
		{45210FAA-CC95-4A0F-ABF7-4BCE73044AE4}.Release|Win32.ActiveCfg = Release|Win32
		{45210FAA-CC95-4A0F-ABF7-4BCE73044AE4}.Release|Win32.Build.0 = Release|Win32
		{2E2BB262-B858-471E-A3C8-18546A1A3EA0}.Debug|Win32.ActiveCfg = Debug|Win32
		{2E2BB262-B858-471E-A3C8-18546A1A3EA0}.Debug|Win32.Build.0 = Debug|Win32
		{2E2BB262-B858-471E-A3C8-18546A1A3EA0}.Release|Win32.ActiveCfg = Release|Win32
		{2E2BB262-B858-471E-A3C8-18546A1A3EA0}.Release|Win32.Build.0 = Release|Win32
	EndGlobalSection
	GlobalSection(SolutionProperties) = preSolution
		HideSolutionNode = FALSE
	EndGlobalSection
EndGlobal
